// !$*UTF8*$!
{
	archiveVersion = 1;
	classes = {
	};
	objectVersion = 56;
	objects = {

/* Begin PBXBuildFile section */
		3F4755122AA1032600D0E796 /* Aula1_BorApp.swift in Sources */ = {isa = PBXBuildFile; fileRef = 3F4755112AA1032600D0E796 /* Aula1_BorApp.swift */; };
		3F4755142AA1032600D0E796 /* ContentView.swift in Sources */ = {isa = PBXBuildFile; fileRef = 3F4755132AA1032600D0E796 /* ContentView.swift */; };
		3F4755162AA1032800D0E796 /* Assets.xcassets in Resources */ = {isa = PBXBuildFile; fileRef = 3F4755152AA1032800D0E796 /* Assets.xcassets */; };
		3F4755192AA1032800D0E796 /* Preview Assets.xcassets in Resources */ = {isa = PBXBuildFile; fileRef = 3F4755182AA1032800D0E796 /* Preview Assets.xcassets */; };
		3F624DFC2AA126C500A50934 /* D3.swift in Sources */ = {isa = PBXBuildFile; fileRef = 3F624DFB2AA126C500A50934 /* D3.swift */; };
		3F624DFE2AA2582800A50934 /* Desafio-4.swift in Sources */ = {isa = PBXBuildFile; fileRef = 3F624DFD2AA2582800A50934 /* Desafio-4.swift */; };
		3FB4AB372AA65E060001FA16 /* d2.swift in Sources */ = {isa = PBXBuildFile; fileRef = 3FB4AB362AA65E060001FA16 /* d2.swift */; };
		3FB4AB392AA662D20001FA16 /* d1.swift in Sources */ = {isa = PBXBuildFile; fileRef = 3FB4AB382AA662D20001FA16 /* d1.swift */; };
		3FB4AB3B2AA664700001FA16 /* d3.swift in Sources */ = {isa = PBXBuildFile; fileRef = 3FB4AB3A2AA664700001FA16 /* d3.swift */; };
		3FB4AB3D2AA668180001FA16 /* D2W2.swift in Sources */ = {isa = PBXBuildFile; fileRef = 3FB4AB3C2AA668180001FA16 /* D2W2.swift */; };
		3FB4AB3F2AA66AE00001FA16 /* teste1.swift in Sources */ = {isa = PBXBuildFile; fileRef = 3FB4AB3E2AA66AE00001FA16 /* teste1.swift */; };
		3FB4AB412AA66AEC0001FA16 /* test2.swift in Sources */ = {isa = PBXBuildFile; fileRef = 3FB4AB402AA66AEC0001FA16 /* test2.swift */; };
		3FB4AB432AA66B010001FA16 /* test3.swift in Sources */ = {isa = PBXBuildFile; fileRef = 3FB4AB422AA66B010001FA16 /* test3.swift */; };
		3FB4AB452AA66DD90001FA16 /* test4.swift in Sources */ = {isa = PBXBuildFile; fileRef = 3FB4AB442AA66DD90001FA16 /* test4.swift */; };
/* End PBXBuildFile section */

/* Begin PBXFileReference section */
		3F47550E2AA1032600D0E796 /* Aula1-Bor.app */ = {isa = PBXFileReference; explicitFileType = wrapper.application; includeInIndex = 0; path = "Aula1-Bor.app"; sourceTree = BUILT_PRODUCTS_DIR; };
		3F4755112AA1032600D0E796 /* Aula1_BorApp.swift */ = {isa = PBXFileReference; lastKnownFileType = sourcecode.swift; path = Aula1_BorApp.swift; sourceTree = "<group>"; };
		3F4755132AA1032600D0E796 /* ContentView.swift */ = {isa = PBXFileReference; lastKnownFileType = sourcecode.swift; path = ContentView.swift; sourceTree = "<group>"; };
		3F4755152AA1032800D0E796 /* Assets.xcassets */ = {isa = PBXFileReference; lastKnownFileType = folder.assetcatalog; path = Assets.xcassets; sourceTree = "<group>"; };
		3F4755182AA1032800D0E796 /* Preview Assets.xcassets */ = {isa = PBXFileReference; lastKnownFileType = folder.assetcatalog; path = "Preview Assets.xcassets"; sourceTree = "<group>"; };
		3F624DFB2AA126C500A50934 /* D3.swift */ = {isa = PBXFileReference; lastKnownFileType = sourcecode.swift; path = D3.swift; sourceTree = "<group>"; };
		3F624DFD2AA2582800A50934 /* Desafio-4.swift */ = {isa = PBXFileReference; lastKnownFileType = sourcecode.swift; path = "Desafio-4.swift"; sourceTree = "<group>"; };
		3FB4AB362AA65E060001FA16 /* d2.swift */ = {isa = PBXFileReference; lastKnownFileType = sourcecode.swift; path = d2.swift; sourceTree = "<group>"; };
		3FB4AB382AA662D20001FA16 /* d1.swift */ = {isa = PBXFileReference; lastKnownFileType = sourcecode.swift; path = d1.swift; sourceTree = "<group>"; };
		3FB4AB3A2AA664700001FA16 /* d3.swift */ = {isa = PBXFileReference; lastKnownFileType = sourcecode.swift; name = d3.swift; path = ../d3.swift; sourceTree = "<group>"; };
		3FB4AB3C2AA668180001FA16 /* D2W2.swift */ = {isa = PBXFileReference; lastKnownFileType = sourcecode.swift; path = D2W2.swift; sourceTree = "<group>"; };
		3FB4AB3E2AA66AE00001FA16 /* teste1.swift */ = {isa = PBXFileReference; lastKnownFileType = sourcecode.swift; path = teste1.swift; sourceTree = "<group>"; };
		3FB4AB402AA66AEC0001FA16 /* test2.swift */ = {isa = PBXFileReference; lastKnownFileType = sourcecode.swift; path = test2.swift; sourceTree = "<group>"; };
		3FB4AB422AA66B010001FA16 /* test3.swift */ = {isa = PBXFileReference; lastKnownFileType = sourcecode.swift; path = test3.swift; sourceTree = "<group>"; };
		3FB4AB442AA66DD90001FA16 /* test4.swift */ = {isa = PBXFileReference; lastKnownFileType = sourcecode.swift; path = test4.swift; sourceTree = "<group>"; };
/* End PBXFileReference section */

/* Begin PBXFrameworksBuildPhase section */
		3F47550B2AA1032600D0E796 /* Frameworks */ = {
			isa = PBXFrameworksBuildPhase;
			buildActionMask = 2147483647;
			files = (
			);
			runOnlyForDeploymentPostprocessing = 0;
		};
/* End PBXFrameworksBuildPhase section */

/* Begin PBXGroup section */
		3F4755052AA1032600D0E796 = {
			isa = PBXGroup;
			children = (
				3F4755102AA1032600D0E796 /* Aula1-Bor */,
				3F47550F2AA1032600D0E796 /* Products */,
			);
			sourceTree = "<group>";
		};
		3F47550F2AA1032600D0E796 /* Products */ = {
			isa = PBXGroup;
			children = (
				3F47550E2AA1032600D0E796 /* Aula1-Bor.app */,
			);
			name = Products;
			sourceTree = "<group>";
		};
		3F4755102AA1032600D0E796 /* Aula1-Bor */ = {
			isa = PBXGroup;
			children = (
				3FB4AB422AA66B010001FA16 /* test3.swift */,
				3FB4AB402AA66AEC0001FA16 /* test2.swift */,
				3FB4AB3E2AA66AE00001FA16 /* teste1.swift */,
				3FB4AB3C2AA668180001FA16 /* D2W2.swift */,
				3FB4AB442AA66DD90001FA16 /* test4.swift */,
				3FB4AB3A2AA664700001FA16 /* d3.swift */,
				3FB4AB362AA65E060001FA16 /* d2.swift */,
				3FB4AB382AA662D20001FA16 /* d1.swift */,
				3F624DFD2AA2582800A50934 /* Desafio-4.swift */,
				3F624DFB2AA126C500A50934 /* D3.swift */,
				3F4755112AA1032600D0E796 /* Aula1_BorApp.swift */,
				3F4755132AA1032600D0E796 /* ContentView.swift */,
				3F4755152AA1032800D0E796 /* Assets.xcassets */,
				3F4755172AA1032800D0E796 /* Preview Content */,
			);
			path = "Aula1-Bor";
			sourceTree = "<group>";
		};
		3F4755172AA1032800D0E796 /* Preview Content */ = {
			isa = PBXGroup;
			children = (
				3F4755182AA1032800D0E796 /* Preview Assets.xcassets */,
			);
			path = "Preview Content";
			sourceTree = "<group>";
		};
/* End PBXGroup section */

/* Begin PBXNativeTarget section */
		3F47550D2AA1032600D0E796 /* Aula1-Bor */ = {
			isa = PBXNativeTarget;
			buildConfigurationList = 3F47551C2AA1032800D0E796 /* Build configuration list for PBXNativeTarget "Aula1-Bor" */;
			buildPhases = (
				3F47550A2AA1032600D0E796 /* Sources */,
				3F47550B2AA1032600D0E796 /* Frameworks */,
				3F47550C2AA1032600D0E796 /* Resources */,
			);
			buildRules = (
			);
			dependencies = (
			);
			name = "Aula1-Bor";
			productName = "Aula1-Bor";
			productReference = 3F47550E2AA1032600D0E796 /* Aula1-Bor.app */;
			productType = "com.apple.product-type.application";
		};
/* End PBXNativeTarget section */

/* Begin PBXProject section */
		3F4755062AA1032600D0E796 /* Project object */ = {
			isa = PBXProject;
			attributes = {
				BuildIndependentTargetsInParallel = 1;
				LastSwiftUpdateCheck = 1420;
				LastUpgradeCheck = 1420;
				TargetAttributes = {
					3F47550D2AA1032600D0E796 = {
						CreatedOnToolsVersion = 14.2;
					};
				};
			};
			buildConfigurationList = 3F4755092AA1032600D0E796 /* Build configuration list for PBXProject "Aula1-Bor" */;
			compatibilityVersion = "Xcode 14.0";
			developmentRegion = en;
			hasScannedForEncodings = 0;
			knownRegions = (
				en,
				Base,
			);
			mainGroup = 3F4755052AA1032600D0E796;
			productRefGroup = 3F47550F2AA1032600D0E796 /* Products */;
			projectDirPath = "";
			projectRoot = "";
			targets = (
				3F47550D2AA1032600D0E796 /* Aula1-Bor */,
			);
		};
/* End PBXProject section */

/* Begin PBXResourcesBuildPhase section */
		3F47550C2AA1032600D0E796 /* Resources */ = {
			isa = PBXResourcesBuildPhase;
			buildActionMask = 2147483647;
			files = (
				3F4755192AA1032800D0E796 /* Preview Assets.xcassets in Resources */,
				3F4755162AA1032800D0E796 /* Assets.xcassets in Resources */,
			);
			runOnlyForDeploymentPostprocessing = 0;
		};
/* End PBXResourcesBuildPhase section */

/* Begin PBXSourcesBuildPhase section */
		3F47550A2AA1032600D0E796 /* Sources */ = {
			isa = PBXSourcesBuildPhase;
			buildActionMask = 2147483647;
			files = (
				3FB4AB3B2AA664700001FA16 /* d3.swift in Sources */,
				3FB4AB3F2AA66AE00001FA16 /* teste1.swift in Sources */,
				3F4755142AA1032600D0E796 /* ContentView.swift in Sources */,
				3F624DFC2AA126C500A50934 /* D3.swift in Sources */,
				3F4755122AA1032600D0E796 /* Aula1_BorApp.swift in Sources */,
				3FB4AB3D2AA668180001FA16 /* D2W2.swift in Sources */,
				3FB4AB372AA65E060001FA16 /* d2.swift in Sources */,
				3FB4AB392AA662D20001FA16 /* d1.swift in Sources */,
				3FB4AB412AA66AEC0001FA16 /* test2.swift in Sources */,
				3F624DFE2AA2582800A50934 /* Desafio-4.swift in Sources */,
				3FB4AB452AA66DD90001FA16 /* test4.swift in Sources */,
				3FB4AB432AA66B010001FA16 /* test3.swift in Sources */,
			);
			runOnlyForDeploymentPostprocessing = 0;
		};
/* End PBXSourcesBuildPhase section */

/* Begin XCBuildConfiguration section */
		3F47551A2AA1032800D0E796 /* Debug */ = {
			isa = XCBuildConfiguration;
			buildSettings = {
				ALWAYS_SEARCH_USER_PATHS = NO;
				CLANG_ANALYZER_NONNULL = YES;
				CLANG_ANALYZER_NUMBER_OBJECT_CONVERSION = YES_AGGRESSIVE;
				CLANG_CXX_LANGUAGE_STANDARD = "gnu++20";
				CLANG_ENABLE_MODULES = YES;
				CLANG_ENABLE_OBJC_ARC = YES;
				CLANG_ENABLE_OBJC_WEAK = YES;
				CLANG_WARN_BLOCK_CAPTURE_AUTORELEASING = YES;
				CLANG_WARN_BOOL_CONVERSION = YES;
				CLANG_WARN_COMMA = YES;
				CLANG_WARN_CONSTANT_CONVERSION = YES;
				CLANG_WARN_DEPRECATED_OBJC_IMPLEMENTATIONS = YES;
				CLANG_WARN_DIRECT_OBJC_ISA_USAGE = YES_ERROR;
				CLANG_WARN_DOCUMENTATION_COMMENTS = YES;
				CLANG_WARN_EMPTY_BODY = YES;
				CLANG_WARN_ENUM_CONVERSION = YES;
				CLANG_WARN_INFINITE_RECURSION = YES;
				CLANG_WARN_INT_CONVERSION = YES;
				CLANG_WARN_NON_LITERAL_NULL_CONVERSION = YES;
				CLANG_WARN_OBJC_IMPLICIT_RETAIN_SELF = YES;
				CLANG_WARN_OBJC_LITERAL_CONVERSION = YES;
				CLANG_WARN_OBJC_ROOT_CLASS = YES_ERROR;
				CLANG_WARN_QUOTED_INCLUDE_IN_FRAMEWORK_HEADER = YES;
				CLANG_WARN_RANGE_LOOP_ANALYSIS = YES;
				CLANG_WARN_STRICT_PROTOTYPES = YES;
				CLANG_WARN_SUSPICIOUS_MOVE = YES;
				CLANG_WARN_UNGUARDED_AVAILABILITY = YES_AGGRESSIVE;
				CLANG_WARN_UNREACHABLE_CODE = YES;
				CLANG_WARN__DUPLICATE_METHOD_MATCH = YES;
				COPY_PHASE_STRIP = NO;
				DEBUG_INFORMATION_FORMAT = dwarf;
				ENABLE_STRICT_OBJC_MSGSEND = YES;
				ENABLE_TESTABILITY = YES;
				GCC_C_LANGUAGE_STANDARD = gnu11;
				GCC_DYNAMIC_NO_PIC = NO;
				GCC_NO_COMMON_BLOCKS = YES;
				GCC_OPTIMIZATION_LEVEL = 0;
				GCC_PREPROCESSOR_DEFINITIONS = (
					"DEBUG=1",
					"$(inherited)",
				);
				GCC_WARN_64_TO_32_BIT_CONVERSION = YES;
				GCC_WARN_ABOUT_RETURN_TYPE = YES_ERROR;
				GCC_WARN_UNDECLARED_SELECTOR = YES;
				GCC_WARN_UNINITIALIZED_AUTOS = YES_AGGRESSIVE;
				GCC_WARN_UNUSED_FUNCTION = YES;
				GCC_WARN_UNUSED_VARIABLE = YES;
				IPHONEOS_DEPLOYMENT_TARGET = 16.2;
				MTL_ENABLE_DEBUG_INFO = INCLUDE_SOURCE;
				MTL_FAST_MATH = YES;
				ONLY_ACTIVE_ARCH = YES;
				SDKROOT = iphoneos;
				SWIFT_ACTIVE_COMPILATION_CONDITIONS = DEBUG;
				SWIFT_OPTIMIZATION_LEVEL = "-Onone";
			};
			name = Debug;
		};
		3F47551B2AA1032800D0E796 /* Release */ = {
			isa = XCBuildConfiguration;
			buildSettings = {
				ALWAYS_SEARCH_USER_PATHS = NO;
				CLANG_ANALYZER_NONNULL = YES;
				CLANG_ANALYZER_NUMBER_OBJECT_CONVERSION = YES_AGGRESSIVE;
				CLANG_CXX_LANGUAGE_STANDARD = "gnu++20";
				CLANG_ENABLE_MODULES = YES;
				CLANG_ENABLE_OBJC_ARC = YES;
				CLANG_ENABLE_OBJC_WEAK = YES;
				CLANG_WARN_BLOCK_CAPTURE_AUTORELEASING = YES;
				CLANG_WARN_BOOL_CONVERSION = YES;
				CLANG_WARN_COMMA = YES;
				CLANG_WARN_CONSTANT_CONVERSION = YES;
				CLANG_WARN_DEPRECATED_OBJC_IMPLEMENTATIONS = YES;
				CLANG_WARN_DIRECT_OBJC_ISA_USAGE = YES_ERROR;
				CLANG_WARN_DOCUMENTATION_COMMENTS = YES;
				CLANG_WARN_EMPTY_BODY = YES;
				CLANG_WARN_ENUM_CONVERSION = YES;
				CLANG_WARN_INFINITE_RECURSION = YES;
				CLANG_WARN_INT_CONVERSION = YES;
				CLANG_WARN_NON_LITERAL_NULL_CONVERSION = YES;
				CLANG_WARN_OBJC_IMPLICIT_RETAIN_SELF = YES;
				CLANG_WARN_OBJC_LITERAL_CONVERSION = YES;
				CLANG_WARN_OBJC_ROOT_CLASS = YES_ERROR;
				CLANG_WARN_QUOTED_INCLUDE_IN_FRAMEWORK_HEADER = YES;
				CLANG_WARN_RANGE_LOOP_ANALYSIS = YES;
				CLANG_WARN_STRICT_PROTOTYPES = YES;
				CLANG_WARN_SUSPICIOUS_MOVE = YES;
				CLANG_WARN_UNGUARDED_AVAILABILITY = YES_AGGRESSIVE;
				CLANG_WARN_UNREACHABLE_CODE = YES;
				CLANG_WARN__DUPLICATE_METHOD_MATCH = YES;
				COPY_PHASE_STRIP = NO;
				DEBUG_INFORMATION_FORMAT = "dwarf-with-dsym";
				ENABLE_NS_ASSERTIONS = NO;
				ENABLE_STRICT_OBJC_MSGSEND = YES;
				GCC_C_LANGUAGE_STANDARD = gnu11;
				GCC_NO_COMMON_BLOCKS = YES;
				GCC_WARN_64_TO_32_BIT_CONVERSION = YES;
				GCC_WARN_ABOUT_RETURN_TYPE = YES_ERROR;
				GCC_WARN_UNDECLARED_SELECTOR = YES;
				GCC_WARN_UNINITIALIZED_AUTOS = YES_AGGRESSIVE;
				GCC_WARN_UNUSED_FUNCTION = YES;
				GCC_WARN_UNUSED_VARIABLE = YES;
				IPHONEOS_DEPLOYMENT_TARGET = 16.2;
				MTL_ENABLE_DEBUG_INFO = NO;
				MTL_FAST_MATH = YES;
				SDKROOT = iphoneos;
				SWIFT_COMPILATION_MODE = wholemodule;
				SWIFT_OPTIMIZATION_LEVEL = "-O";
				VALIDATE_PRODUCT = YES;
			};
			name = Release;
		};
		3F47551D2AA1032800D0E796 /* Debug */ = {
			isa = XCBuildConfiguration;
			buildSettings = {
				ASSETCATALOG_COMPILER_APPICON_NAME = AppIcon;
				ASSETCATALOG_COMPILER_GLOBAL_ACCENT_COLOR_NAME = AccentColor;
				CODE_SIGN_STYLE = Automatic;
				CURRENT_PROJECT_VERSION = 1;
				DEVELOPMENT_ASSET_PATHS = "\"Aula1-Bor/Preview Content\"";
				ENABLE_PREVIEWS = YES;
				GENERATE_INFOPLIST_FILE = YES;
				INFOPLIST_KEY_UIApplicationSceneManifest_Generation = YES;
				INFOPLIST_KEY_UIApplicationSupportsIndirectInputEvents = YES;
				INFOPLIST_KEY_UILaunchScreen_Generation = YES;
				INFOPLIST_KEY_UISupportedInterfaceOrientations_iPad = "UIInterfaceOrientationPortrait UIInterfaceOrientationPortraitUpsideDown UIInterfaceOrientationLandscapeLeft UIInterfaceOrientationLandscapeRight";
				INFOPLIST_KEY_UISupportedInterfaceOrientations_iPhone = "UIInterfaceOrientationPortrait UIInterfaceOrientationLandscapeLeft UIInterfaceOrientationLandscapeRight";
				LD_RUNPATH_SEARCH_PATHS = (
					"$(inherited)",
					"@executable_path/Frameworks",
				);
				MARKETING_VERSION = 1.0;
				PRODUCT_BUNDLE_IDENTIFIER = "BorIzon.Aula1-Bor";
				PRODUCT_NAME = "$(TARGET_NAME)";
				SWIFT_EMIT_LOC_STRINGS = YES;
				SWIFT_VERSION = 5.0;
				TARGETED_DEVICE_FAMILY = "1,2";
			};
			name = Debug;
		};
		3F47551E2AA1032800D0E796 /* Release */ = {
			isa = XCBuildConfiguration;
			buildSettings = {
				ASSETCATALOG_COMPILER_APPICON_NAME = AppIcon;
				ASSETCATALOG_COMPILER_GLOBAL_ACCENT_COLOR_NAME = AccentColor;
				CODE_SIGN_STYLE = Automatic;
				CURRENT_PROJECT_VERSION = 1;
				DEVELOPMENT_ASSET_PATHS = "\"Aula1-Bor/Preview Content\"";
				ENABLE_PREVIEWS = YES;
				GENERATE_INFOPLIST_FILE = YES;
				INFOPLIST_KEY_UIApplicationSceneManifest_Generation = YES;
				INFOPLIST_KEY_UIApplicationSupportsIndirectInputEvents = YES;
				INFOPLIST_KEY_UILaunchScreen_Generation = YES;
				INFOPLIST_KEY_UISupportedInterfaceOrientations_iPad = "UIInterfaceOrientationPortrait UIInterfaceOrientationPortraitUpsideDown UIInterfaceOrientationLandscapeLeft UIInterfaceOrientationLandscapeRight";
				INFOPLIST_KEY_UISupportedInterfaceOrientations_iPhone = "UIInterfaceOrientationPortrait UIInterfaceOrientationLandscapeLeft UIInterfaceOrientationLandscapeRight";
				LD_RUNPATH_SEARCH_PATHS = (
					"$(inherited)",
					"@executable_path/Frameworks",
				);
				MARKETING_VERSION = 1.0;
				PRODUCT_BUNDLE_IDENTIFIER = "BorIzon.Aula1-Bor";
				PRODUCT_NAME = "$(TARGET_NAME)";
				SWIFT_EMIT_LOC_STRINGS = YES;
				SWIFT_VERSION = 5.0;
				TARGETED_DEVICE_FAMILY = "1,2";
			};
			name = Release;
		};
/* End XCBuildConfiguration section */

/* Begin XCConfigurationList section */
		3F4755092AA1032600D0E796 /* Build configuration list for PBXProject "Aula1-Bor" */ = {
			isa = XCConfigurationList;
			buildConfigurations = (
				3F47551A2AA1032800D0E796 /* Debug */,
				3F47551B2AA1032800D0E796 /* Release */,
			);
			defaultConfigurationIsVisible = 0;
			defaultConfigurationName = Release;
		};
		3F47551C2AA1032800D0E796 /* Build configuration list for PBXNativeTarget "Aula1-Bor" */ = {
			isa = XCConfigurationList;
			buildConfigurations = (
				3F47551D2AA1032800D0E796 /* Debug */,
				3F47551E2AA1032800D0E796 /* Release */,
			);
			defaultConfigurationIsVisible = 0;
			defaultConfigurationName = Release;
		};
/* End XCConfigurationList section */
	};
	rootObject = 3F4755062AA1032600D0E796 /* Project object */;
}
